// !$*UTF8*$!
{
	archiveVersion = 1;
	classes = {
	};
	objectVersion = 50;
	objects = {

/* Begin PBXBuildFile section */
		D541922C24E016BA004B31CC /* Tweeter.swift in Sources */ = {isa = PBXBuildFile; fileRef = D541922B24E016BA004B31CC /* Tweeter.swift */; };
		D55DF9BB24BDF502003DD748 /* AppDelegate.swift in Sources */ = {isa = PBXBuildFile; fileRef = D55DF9BA24BDF502003DD748 /* AppDelegate.swift */; };
		D55DF9BD24BDF502003DD748 /* SceneDelegate.swift in Sources */ = {isa = PBXBuildFile; fileRef = D55DF9BC24BDF502003DD748 /* SceneDelegate.swift */; };
		D55DF9BF24BDF502003DD748 /* ViewController.swift in Sources */ = {isa = PBXBuildFile; fileRef = D55DF9BE24BDF502003DD748 /* ViewController.swift */; };
		D55DF9C224BDF502003DD748 /* Main.storyboard in Resources */ = {isa = PBXBuildFile; fileRef = D55DF9C024BDF502003DD748 /* Main.storyboard */; };
		D55DF9C524BDF502003DD748 /* TweetAlarm.xcdatamodeld in Sources */ = {isa = PBXBuildFile; fileRef = D55DF9C324BDF502003DD748 /* TweetAlarm.xcdatamodeld */; };
		D55DF9C724BDF503003DD748 /* Assets.xcassets in Resources */ = {isa = PBXBuildFile; fileRef = D55DF9C624BDF503003DD748 /* Assets.xcassets */; };
		D55DF9CA24BDF503003DD748 /* LaunchScreen.storyboard in Resources */ = {isa = PBXBuildFile; fileRef = D55DF9C824BDF503003DD748 /* LaunchScreen.storyboard */; };
		D55DF9D224BF39DC003DD748 /* Alarm.swift in Sources */ = {isa = PBXBuildFile; fileRef = D55DF9D124BF39DC003DD748 /* Alarm.swift */; };
		D55DF9D424BF4889003DD748 /* Main.swift in Sources */ = {isa = PBXBuildFile; fileRef = D55DF9D324BF4889003DD748 /* Main.swift */; };
		D569174A24E44766001D180A /* SwifteriOS.framework in Frameworks */ = {isa = PBXBuildFile; fileRef = D569174124E4474C001D180A /* SwifteriOS.framework */; };
		D569174B24E44766001D180A /* SwifteriOS.framework in Embed Frameworks */ = {isa = PBXBuildFile; fileRef = D569174124E4474C001D180A /* SwifteriOS.framework */; settings = {ATTRIBUTES = (CodeSignOnCopy, RemoveHeadersOnCopy, ); }; };
		D58E6C6C24D44E8E000846F8 /* CoreDataManager.swift in Sources */ = {isa = PBXBuildFile; fileRef = D58E6C6B24D44E8E000846F8 /* CoreDataManager.swift */; };
/* End PBXBuildFile section */

/* Begin PBXContainerItemProxy section */
		D569174024E4474C001D180A /* PBXContainerItemProxy */ = {
			isa = PBXContainerItemProxy;
			containerPortal = D569173824E4474C001D180A /* Swifter.xcodeproj */;
			proxyType = 2;
			remoteGlobalIDString = 8B9F50EE1944A5AB00894629;
			remoteInfo = SwifteriOS;
		};
		D569174224E4474C001D180A /* PBXContainerItemProxy */ = {
			isa = PBXContainerItemProxy;
			containerPortal = D569173824E4474C001D180A /* Swifter.xcodeproj */;
			proxyType = 2;
			remoteGlobalIDString = 8B9F51131944A61D00894629;
			remoteInfo = SwifterMac;
		};
		D569174424E4474C001D180A /* PBXContainerItemProxy */ = {
			isa = PBXContainerItemProxy;
			containerPortal = D569173824E4474C001D180A /* Swifter.xcodeproj */;
			proxyType = 2;
			remoteGlobalIDString = 8B300C1F1944AA1A00993175;
			remoteInfo = SwifterDemoiOS;
		};
		D569174624E4474C001D180A /* PBXContainerItemProxy */ = {
			isa = PBXContainerItemProxy;
			containerPortal = D569173824E4474C001D180A /* Swifter.xcodeproj */;
			proxyType = 2;
			remoteGlobalIDString = 8B300C471944AECB00993175;
			remoteInfo = SwifterDemoMac;
		};
		D569174824E4474C001D180A /* PBXContainerItemProxy */ = {
			isa = PBXContainerItemProxy;
			containerPortal = D569173824E4474C001D180A /* Swifter.xcodeproj */;
			proxyType = 2;
			remoteGlobalIDString = F6B4D5751C7BAC4500E06514;
			remoteInfo = SwifterTests;
		};
/* End PBXContainerItemProxy section */

/* Begin PBXCopyFilesBuildPhase section */
		D541928A24E07796004B31CC /* Embed Frameworks */ = {
			isa = PBXCopyFilesBuildPhase;
			buildActionMask = 2147483647;
			dstPath = "";
			dstSubfolderSpec = 10;
			files = (
				D569174B24E44766001D180A /* SwifteriOS.framework in Embed Frameworks */,
			);
			name = "Embed Frameworks";
			runOnlyForDeploymentPostprocessing = 0;
		};
/* End PBXCopyFilesBuildPhase section */

/* Begin PBXFileReference section */
		D541922B24E016BA004B31CC /* Tweeter.swift */ = {isa = PBXFileReference; lastKnownFileType = sourcecode.swift; path = Tweeter.swift; sourceTree = "<group>"; };
		D55DF9B724BDF502003DD748 /* TweetAlarm.app */ = {isa = PBXFileReference; explicitFileType = wrapper.application; includeInIndex = 0; path = TweetAlarm.app; sourceTree = BUILT_PRODUCTS_DIR; };
		D55DF9BA24BDF502003DD748 /* AppDelegate.swift */ = {isa = PBXFileReference; lastKnownFileType = sourcecode.swift; path = AppDelegate.swift; sourceTree = "<group>"; };
		D55DF9BC24BDF502003DD748 /* SceneDelegate.swift */ = {isa = PBXFileReference; lastKnownFileType = sourcecode.swift; path = SceneDelegate.swift; sourceTree = "<group>"; };
		D55DF9BE24BDF502003DD748 /* ViewController.swift */ = {isa = PBXFileReference; lastKnownFileType = sourcecode.swift; path = ViewController.swift; sourceTree = "<group>"; };
		D55DF9C124BDF502003DD748 /* Base */ = {isa = PBXFileReference; lastKnownFileType = file.storyboard; name = Base; path = Base.lproj/Main.storyboard; sourceTree = "<group>"; };
		D55DF9C424BDF502003DD748 /* TweetAlarm.xcdatamodel */ = {isa = PBXFileReference; lastKnownFileType = wrapper.xcdatamodel; path = TweetAlarm.xcdatamodel; sourceTree = "<group>"; };
		D55DF9C624BDF503003DD748 /* Assets.xcassets */ = {isa = PBXFileReference; lastKnownFileType = folder.assetcatalog; path = Assets.xcassets; sourceTree = "<group>"; };
		D55DF9C924BDF503003DD748 /* Base */ = {isa = PBXFileReference; lastKnownFileType = file.storyboard; name = Base; path = Base.lproj/LaunchScreen.storyboard; sourceTree = "<group>"; };
		D55DF9CB24BDF503003DD748 /* Info.plist */ = {isa = PBXFileReference; lastKnownFileType = text.plist.xml; path = Info.plist; sourceTree = "<group>"; };
		D55DF9D124BF39DC003DD748 /* Alarm.swift */ = {isa = PBXFileReference; lastKnownFileType = sourcecode.swift; path = Alarm.swift; sourceTree = "<group>"; };
		D55DF9D324BF4889003DD748 /* Main.swift */ = {isa = PBXFileReference; lastKnownFileType = sourcecode.swift; path = Main.swift; sourceTree = "<group>"; };
		D569173824E4474C001D180A /* Swifter.xcodeproj */ = {isa = PBXFileReference; lastKnownFileType = "wrapper.pb-project"; name = Swifter.xcodeproj; path = "../../../../../Downloads/Swifter-master/Swifter.xcodeproj"; sourceTree = "<group>"; };
		D58E6C6B24D44E8E000846F8 /* CoreDataManager.swift */ = {isa = PBXFileReference; lastKnownFileType = sourcecode.swift; path = CoreDataManager.swift; sourceTree = "<group>"; };
/* End PBXFileReference section */

/* Begin PBXFrameworksBuildPhase section */
		D55DF9B424BDF502003DD748 /* Frameworks */ = {
			isa = PBXFrameworksBuildPhase;
			buildActionMask = 2147483647;
			files = (
				D569174A24E44766001D180A /* SwifteriOS.framework in Frameworks */,
			);
			runOnlyForDeploymentPostprocessing = 0;
		};
/* End PBXFrameworksBuildPhase section */

/* Begin PBXGroup section */
		D541928724E07796004B31CC /* Frameworks */ = {
			isa = PBXGroup;
			children = (
				D569173824E4474C001D180A /* Swifter.xcodeproj */,
			);
			name = Frameworks;
			sourceTree = "<group>";
		};
		D55DF9AE24BDF502003DD748 = {
			isa = PBXGroup;
			children = (
				D55DF9B924BDF502003DD748 /* TweetAlarm */,
				D55DF9B824BDF502003DD748 /* Products */,
				D541928724E07796004B31CC /* Frameworks */,
			);
			sourceTree = "<group>";
		};
		D55DF9B824BDF502003DD748 /* Products */ = {
			isa = PBXGroup;
			children = (
				D55DF9B724BDF502003DD748 /* TweetAlarm.app */,
			);
			name = Products;
			sourceTree = "<group>";
		};
		D55DF9B924BDF502003DD748 /* TweetAlarm */ = {
			isa = PBXGroup;
			children = (
				D55DF9D124BF39DC003DD748 /* Alarm.swift */,
				D55DF9BE24BDF502003DD748 /* ViewController.swift */,
				D58E6C6B24D44E8E000846F8 /* CoreDataManager.swift */,
				D55DF9C324BDF502003DD748 /* TweetAlarm.xcdatamodeld */,
				D55DF9C624BDF503003DD748 /* Assets.xcassets */,
				D55DF9D324BF4889003DD748 /* Main.swift */,
				D55DF9C024BDF502003DD748 /* Main.storyboard */,
				D55DF9CB24BDF503003DD748 /* Info.plist */,
				D55DF9BA24BDF502003DD748 /* AppDelegate.swift */,
				D55DF9BC24BDF502003DD748 /* SceneDelegate.swift */,
				D55DF9C824BDF503003DD748 /* LaunchScreen.storyboard */,
				D541922B24E016BA004B31CC /* Tweeter.swift */,
			);
			path = TweetAlarm;
			sourceTree = "<group>";
		};
		D569173924E4474C001D180A /* Products */ = {
			isa = PBXGroup;
			children = (
				D569174124E4474C001D180A /* SwifteriOS.framework */,
				D569174324E4474C001D180A /* SwifterMac.framework */,
				D569174524E4474C001D180A /* SwifterDemoiOS.app */,
				D569174724E4474C001D180A /* SwifterDemoMac.app */,
				D569174924E4474C001D180A /* SwifterTests.xctest */,
			);
			name = Products;
			sourceTree = "<group>";
		};
/* End PBXGroup section */

/* Begin PBXNativeTarget section */
		D55DF9B624BDF502003DD748 /* TweetAlarm */ = {
			isa = PBXNativeTarget;
			buildConfigurationList = D55DF9CE24BDF503003DD748 /* Build configuration list for PBXNativeTarget "TweetAlarm" */;
			buildPhases = (
				D55DF9B324BDF502003DD748 /* Sources */,
				D55DF9B424BDF502003DD748 /* Frameworks */,
				D55DF9B524BDF502003DD748 /* Resources */,
				D541928A24E07796004B31CC /* Embed Frameworks */,
			);
			buildRules = (
			);
			dependencies = (
			);
			name = TweetAlarm;
			productName = TweetAlarm;
			productReference = D55DF9B724BDF502003DD748 /* TweetAlarm.app */;
			productType = "com.apple.product-type.application";
		};
/* End PBXNativeTarget section */

/* Begin PBXProject section */
		D55DF9AF24BDF502003DD748 /* Project object */ = {
			isa = PBXProject;
			attributes = {
				LastSwiftUpdateCheck = 1150;
				LastUpgradeCheck = 1150;
				ORGANIZATIONNAME = "Oliver James Richards";
				TargetAttributes = {
					D55DF9B624BDF502003DD748 = {
						CreatedOnToolsVersion = 11.5;
					};
				};
			};
			buildConfigurationList = D55DF9B224BDF502003DD748 /* Build configuration list for PBXProject "TweetAlarm" */;
			compatibilityVersion = "Xcode 9.3";
			developmentRegion = en;
			hasScannedForEncodings = 0;
			knownRegions = (
				en,
				Base,
			);
			mainGroup = D55DF9AE24BDF502003DD748;
			productRefGroup = D55DF9B824BDF502003DD748 /* Products */;
			projectDirPath = "";
			projectReferences = (
				{
					ProductGroup = D569173924E4474C001D180A /* Products */;
					ProjectRef = D569173824E4474C001D180A /* Swifter.xcodeproj */;
				},
			);
			projectRoot = "";
			targets = (
				D55DF9B624BDF502003DD748 /* TweetAlarm */,
			);
		};
/* End PBXProject section */

/* Begin PBXReferenceProxy section */
		D569174124E4474C001D180A /* SwifteriOS.framework */ = {
			isa = PBXReferenceProxy;
			fileType = wrapper.framework;
			path = SwifteriOS.framework;
			remoteRef = D569174024E4474C001D180A /* PBXContainerItemProxy */;
			sourceTree = BUILT_PRODUCTS_DIR;
		};
		D569174324E4474C001D180A /* SwifterMac.framework */ = {
			isa = PBXReferenceProxy;
			fileType = wrapper.framework;
			path = SwifterMac.framework;
			remoteRef = D569174224E4474C001D180A /* PBXContainerItemProxy */;
			sourceTree = BUILT_PRODUCTS_DIR;
		};
		D569174524E4474C001D180A /* SwifterDemoiOS.app */ = {
			isa = PBXReferenceProxy;
			fileType = wrapper.application;
			path = SwifterDemoiOS.app;
			remoteRef = D569174424E4474C001D180A /* PBXContainerItemProxy */;
			sourceTree = BUILT_PRODUCTS_DIR;
		};
		D569174724E4474C001D180A /* SwifterDemoMac.app */ = {
			isa = PBXReferenceProxy;
			fileType = wrapper.application;
			path = SwifterDemoMac.app;
			remoteRef = D569174624E4474C001D180A /* PBXContainerItemProxy */;
			sourceTree = BUILT_PRODUCTS_DIR;
		};
		D569174924E4474C001D180A /* SwifterTests.xctest */ = {
			isa = PBXReferenceProxy;
			fileType = wrapper.cfbundle;
			path = SwifterTests.xctest;
			remoteRef = D569174824E4474C001D180A /* PBXContainerItemProxy */;
			sourceTree = BUILT_PRODUCTS_DIR;
		};
/* End PBXReferenceProxy section */

/* Begin PBXResourcesBuildPhase section */
		D55DF9B524BDF502003DD748 /* Resources */ = {
			isa = PBXResourcesBuildPhase;
			buildActionMask = 2147483647;
			files = (
				D55DF9CA24BDF503003DD748 /* LaunchScreen.storyboard in Resources */,
				D55DF9C724BDF503003DD748 /* Assets.xcassets in Resources */,
				D55DF9C224BDF502003DD748 /* Main.storyboard in Resources */,
			);
			runOnlyForDeploymentPostprocessing = 0;
		};
/* End PBXResourcesBuildPhase section */

/* Begin PBXSourcesBuildPhase section */
		D55DF9B324BDF502003DD748 /* Sources */ = {
			isa = PBXSourcesBuildPhase;
			buildActionMask = 2147483647;
			files = (
				D541922C24E016BA004B31CC /* Tweeter.swift in Sources */,
				D55DF9D424BF4889003DD748 /* Main.swift in Sources */,
				D55DF9BF24BDF502003DD748 /* ViewController.swift in Sources */,
				D58E6C6C24D44E8E000846F8 /* CoreDataManager.swift in Sources */,
				D55DF9C524BDF502003DD748 /* TweetAlarm.xcdatamodeld in Sources */,
				D55DF9D224BF39DC003DD748 /* Alarm.swift in Sources */,
				D55DF9BB24BDF502003DD748 /* AppDelegate.swift in Sources */,
				D55DF9BD24BDF502003DD748 /* SceneDelegate.swift in Sources */,
			);
			runOnlyForDeploymentPostprocessing = 0;
		};
/* End PBXSourcesBuildPhase section */

/* Begin PBXVariantGroup section */
		D55DF9C024BDF502003DD748 /* Main.storyboard */ = {
			isa = PBXVariantGroup;
			children = (
				D55DF9C124BDF502003DD748 /* Base */,
			);
			name = Main.storyboard;
			sourceTree = "<group>";
		};
		D55DF9C824BDF503003DD748 /* LaunchScreen.storyboard */ = {
			isa = PBXVariantGroup;
			children = (
				D55DF9C924BDF503003DD748 /* Base */,
			);
			name = LaunchScreen.storyboard;
			sourceTree = "<group>";
		};
/* End PBXVariantGroup section */

/* Begin XCBuildConfiguration section */
		D55DF9CC24BDF503003DD748 /* Debug */ = {
			isa = XCBuildConfiguration;
			buildSettings = {
				ALWAYS_SEARCH_USER_PATHS = NO;
				CLANG_ANALYZER_NONNULL = YES;
				CLANG_ANALYZER_NUMBER_OBJECT_CONVERSION = YES_AGGRESSIVE;
				CLANG_CXX_LANGUAGE_STANDARD = "gnu++14";
				CLANG_CXX_LIBRARY = "libc++";
				CLANG_ENABLE_MODULES = YES;
				CLANG_ENABLE_OBJC_ARC = YES;
				CLANG_ENABLE_OBJC_WEAK = YES;
				CLANG_WARN_BLOCK_CAPTURE_AUTORELEASING = YES;
				CLANG_WARN_BOOL_CONVERSION = YES;
				CLANG_WARN_COMMA = YES;
				CLANG_WARN_CONSTANT_CONVERSION = YES;
				CLANG_WARN_DEPRECATED_OBJC_IMPLEMENTATIONS = YES;
				CLANG_WARN_DIRECT_OBJC_ISA_USAGE = YES_ERROR;
				CLANG_WARN_DOCUMENTATION_COMMENTS = YES;
				CLANG_WARN_EMPTY_BODY = YES;
				CLANG_WARN_ENUM_CONVERSION = YES;
				CLANG_WARN_INFINITE_RECURSION = YES;
				CLANG_WARN_INT_CONVERSION = YES;
				CLANG_WARN_NON_LITERAL_NULL_CONVERSION = YES;
				CLANG_WARN_OBJC_IMPLICIT_RETAIN_SELF = YES;
				CLANG_WARN_OBJC_LITERAL_CONVERSION = YES;
				CLANG_WARN_OBJC_ROOT_CLASS = YES_ERROR;
				CLANG_WARN_RANGE_LOOP_ANALYSIS = YES;
				CLANG_WARN_STRICT_PROTOTYPES = YES;
				CLANG_WARN_SUSPICIOUS_MOVE = YES;
				CLANG_WARN_UNGUARDED_AVAILABILITY = YES_AGGRESSIVE;
				CLANG_WARN_UNREACHABLE_CODE = YES;
				CLANG_WARN__DUPLICATE_METHOD_MATCH = YES;
				COPY_PHASE_STRIP = NO;
				DEBUG_INFORMATION_FORMAT = dwarf;
				ENABLE_STRICT_OBJC_MSGSEND = YES;
				ENABLE_TESTABILITY = YES;
				GCC_C_LANGUAGE_STANDARD = gnu11;
				GCC_DYNAMIC_NO_PIC = NO;
				GCC_NO_COMMON_BLOCKS = YES;
				GCC_OPTIMIZATION_LEVEL = 0;
				GCC_PREPROCESSOR_DEFINITIONS = (
					"DEBUG=1",
					"$(inherited)",
				);
				GCC_WARN_64_TO_32_BIT_CONVERSION = YES;
				GCC_WARN_ABOUT_RETURN_TYPE = YES_ERROR;
				GCC_WARN_UNDECLARED_SELECTOR = YES;
				GCC_WARN_UNINITIALIZED_AUTOS = YES_AGGRESSIVE;
				GCC_WARN_UNUSED_FUNCTION = YES;
				GCC_WARN_UNUSED_VARIABLE = YES;
				IPHONEOS_DEPLOYMENT_TARGET = 13.5;
				MTL_ENABLE_DEBUG_INFO = INCLUDE_SOURCE;
				MTL_FAST_MATH = YES;
				ONLY_ACTIVE_ARCH = YES;
				SDKROOT = iphoneos;
				SWIFT_ACTIVE_COMPILATION_CONDITIONS = DEBUG;
				SWIFT_OPTIMIZATION_LEVEL = "-Onone";
			};
			name = Debug;
		};
		D55DF9CD24BDF503003DD748 /* Release */ = {
			isa = XCBuildConfiguration;
			buildSettings = {
				ALWAYS_SEARCH_USER_PATHS = NO;
				CLANG_ANALYZER_NONNULL = YES;
				CLANG_ANALYZER_NUMBER_OBJECT_CONVERSION = YES_AGGRESSIVE;
				CLANG_CXX_LANGUAGE_STANDARD = "gnu++14";
				CLANG_CXX_LIBRARY = "libc++";
				CLANG_ENABLE_MODULES = YES;
				CLANG_ENABLE_OBJC_ARC = YES;
				CLANG_ENABLE_OBJC_WEAK = YES;
				CLANG_WARN_BLOCK_CAPTURE_AUTORELEASING = YES;
				CLANG_WARN_BOOL_CONVERSION = YES;
				CLANG_WARN_COMMA = YES;
				CLANG_WARN_CONSTANT_CONVERSION = YES;
				CLANG_WARN_DEPRECATED_OBJC_IMPLEMENTATIONS = YES;
				CLANG_WARN_DIRECT_OBJC_ISA_USAGE = YES_ERROR;
				CLANG_WARN_DOCUMENTATION_COMMENTS = YES;
				CLANG_WARN_EMPTY_BODY = YES;
				CLANG_WARN_ENUM_CONVERSION = YES;
				CLANG_WARN_INFINITE_RECURSION = YES;
				CLANG_WARN_INT_CONVERSION = YES;
				CLANG_WARN_NON_LITERAL_NULL_CONVERSION = YES;
				CLANG_WARN_OBJC_IMPLICIT_RETAIN_SELF = YES;
				CLANG_WARN_OBJC_LITERAL_CONVERSION = YES;
				CLANG_WARN_OBJC_ROOT_CLASS = YES_ERROR;
				CLANG_WARN_RANGE_LOOP_ANALYSIS = YES;
				CLANG_WARN_STRICT_PROTOTYPES = YES;
				CLANG_WARN_SUSPICIOUS_MOVE = YES;
				CLANG_WARN_UNGUARDED_AVAILABILITY = YES_AGGRESSIVE;
				CLANG_WARN_UNREACHABLE_CODE = YES;
				CLANG_WARN__DUPLICATE_METHOD_MATCH = YES;
				COPY_PHASE_STRIP = NO;
				DEBUG_INFORMATION_FORMAT = "dwarf-with-dsym";
				ENABLE_NS_ASSERTIONS = NO;
				ENABLE_STRICT_OBJC_MSGSEND = YES;
				GCC_C_LANGUAGE_STANDARD = gnu11;
				GCC_NO_COMMON_BLOCKS = YES;
				GCC_WARN_64_TO_32_BIT_CONVERSION = YES;
				GCC_WARN_ABOUT_RETURN_TYPE = YES_ERROR;
				GCC_WARN_UNDECLARED_SELECTOR = YES;
				GCC_WARN_UNINITIALIZED_AUTOS = YES_AGGRESSIVE;
				GCC_WARN_UNUSED_FUNCTION = YES;
				GCC_WARN_UNUSED_VARIABLE = YES;
				IPHONEOS_DEPLOYMENT_TARGET = 13.5;
				MTL_ENABLE_DEBUG_INFO = NO;
				MTL_FAST_MATH = YES;
				SDKROOT = iphoneos;
				SWIFT_COMPILATION_MODE = wholemodule;
				SWIFT_OPTIMIZATION_LEVEL = "-O";
				VALIDATE_PRODUCT = YES;
			};
			name = Release;
		};
		D55DF9CF24BDF503003DD748 /* Debug */ = {
			isa = XCBuildConfiguration;
			buildSettings = {
				ASSETCATALOG_COMPILER_APPICON_NAME = AppIcon;
				CODE_SIGN_STYLE = Automatic;
				DEVELOPMENT_TEAM = 7GQZG5YLGU;
				INFOPLIST_FILE = TweetAlarm/Info.plist;
				LD_RUNPATH_SEARCH_PATHS = (
					"$(inherited)",
					"@executable_path/Frameworks",
				);
				MARKETING_VERSION = 0.1;
				PRODUCT_BUNDLE_IDENTIFIER = com.mesrichards.TweetAlarm;
				PRODUCT_NAME = "$(TARGET_NAME)";
				SWIFT_VERSION = 5.0;
				TARGETED_DEVICE_FAMILY = 1;
			};
			name = Debug;
		};
		D55DF9D024BDF503003DD748 /* Release */ = {
			isa = XCBuildConfiguration;
			buildSettings = {
				ASSETCATALOG_COMPILER_APPICON_NAME = AppIcon;
				CODE_SIGN_STYLE = Automatic;
				DEVELOPMENT_TEAM = 7GQZG5YLGU;
				INFOPLIST_FILE = TweetAlarm/Info.plist;
				LD_RUNPATH_SEARCH_PATHS = (
					"$(inherited)",
					"@executable_path/Frameworks",
				);
				MARKETING_VERSION = 0.1;
				PRODUCT_BUNDLE_IDENTIFIER = com.mesrichards.TweetAlarm;
				PRODUCT_NAME = "$(TARGET_NAME)";
				SWIFT_VERSION = 5.0;
				TARGETED_DEVICE_FAMILY = 1;
			};
			name = Release;
		};
/* End XCBuildConfiguration section */

/* Begin XCConfigurationList section */
		D55DF9B224BDF502003DD748 /* Build configuration list for PBXProject "TweetAlarm" */ = {
			isa = XCConfigurationList;
			buildConfigurations = (
				D55DF9CC24BDF503003DD748 /* Debug */,
				D55DF9CD24BDF503003DD748 /* Release */,
			);
			defaultConfigurationIsVisible = 0;
			defaultConfigurationName = Release;
		};
		D55DF9CE24BDF503003DD748 /* Build configuration list for PBXNativeTarget "TweetAlarm" */ = {
			isa = XCConfigurationList;
			buildConfigurations = (
				D55DF9CF24BDF503003DD748 /* Debug */,
				D55DF9D024BDF503003DD748 /* Release */,
			);
			defaultConfigurationIsVisible = 0;
			defaultConfigurationName = Release;
		};
/* End XCConfigurationList section */

/* Begin XCVersionGroup section */
		D55DF9C324BDF502003DD748 /* TweetAlarm.xcdatamodeld */ = {
			isa = XCVersionGroup;
			children = (
				D55DF9C424BDF502003DD748 /* TweetAlarm.xcdatamodel */,
			);
			currentVersion = D55DF9C424BDF502003DD748 /* TweetAlarm.xcdatamodel */;
			path = TweetAlarm.xcdatamodeld;
			sourceTree = "<group>";
			versionGroupType = wrapper.xcdatamodel;
		};
/* End XCVersionGroup section */
	};
	rootObject = D55DF9AF24BDF502003DD748 /* Project object */;
}
